// !$*UTF8*$!
{
	archiveVersion = 1;
	classes = {
	};
	objectVersion = 50;
	objects = {

/* Begin PBXBuildFile section */
		58CC5ABA112AEDD5A56CA834 /* Pods_LiveAV.framework in Frameworks */ = {isa = PBXBuildFile; fileRef = C548765CDDFA976AFDE644AB /* Pods_LiveAV.framework */; };
		99AC68162134E46000AB829E /* AppDelegate.swift in Sources */ = {isa = PBXBuildFile; fileRef = 99AC68152134E46000AB829E /* AppDelegate.swift */; };
		99AC68182134E46000AB829E /* ViewController.swift in Sources */ = {isa = PBXBuildFile; fileRef = 99AC68172134E46000AB829E /* ViewController.swift */; };
		99AC681B2134E46000AB829E /* Main.storyboard in Resources */ = {isa = PBXBuildFile; fileRef = 99AC68192134E46000AB829E /* Main.storyboard */; };
		99AC681D2134E46100AB829E /* Assets.xcassets in Resources */ = {isa = PBXBuildFile; fileRef = 99AC681C2134E46100AB829E /* Assets.xcassets */; };
		99AC68202134E46100AB829E /* LaunchScreen.storyboard in Resources */ = {isa = PBXBuildFile; fileRef = 99AC681E2134E46100AB829E /* LaunchScreen.storyboard */; };
		99AC68282134F30800AB829E /* DecimalNumberTool.swift in Sources */ = {isa = PBXBuildFile; fileRef = 99AC68272134F30800AB829E /* DecimalNumberTool.swift */; };
/* End PBXBuildFile section */

/* Begin PBXFileReference section */
		0EB870584716179341DD0EC2 /* Pods-LiveAV.release.xcconfig */ = {isa = PBXFileReference; includeInIndex = 1; lastKnownFileType = text.xcconfig; name = "Pods-LiveAV.release.xcconfig"; path = "Pods/Target Support Files/Pods-LiveAV/Pods-LiveAV.release.xcconfig"; sourceTree = "<group>"; };
		1E68E6E5775231412F990ED9 /* Pods-LiveAV.debug.xcconfig */ = {isa = PBXFileReference; includeInIndex = 1; lastKnownFileType = text.xcconfig; name = "Pods-LiveAV.debug.xcconfig"; path = "Pods/Target Support Files/Pods-LiveAV/Pods-LiveAV.debug.xcconfig"; sourceTree = "<group>"; };
		99AC68122134E46000AB829E /* LiveAV.app */ = {isa = PBXFileReference; explicitFileType = wrapper.application; includeInIndex = 0; path = LiveAV.app; sourceTree = BUILT_PRODUCTS_DIR; };
		99AC68152134E46000AB829E /* AppDelegate.swift */ = {isa = PBXFileReference; lastKnownFileType = sourcecode.swift; path = AppDelegate.swift; sourceTree = "<group>"; };
		99AC68172134E46000AB829E /* ViewController.swift */ = {isa = PBXFileReference; lastKnownFileType = sourcecode.swift; path = ViewController.swift; sourceTree = "<group>"; };
		99AC681A2134E46000AB829E /* Base */ = {isa = PBXFileReference; lastKnownFileType = file.storyboard; name = Base; path = Base.lproj/Main.storyboard; sourceTree = "<group>"; };
		99AC681C2134E46100AB829E /* Assets.xcassets */ = {isa = PBXFileReference; lastKnownFileType = folder.assetcatalog; path = Assets.xcassets; sourceTree = "<group>"; };
		99AC681F2134E46100AB829E /* Base */ = {isa = PBXFileReference; lastKnownFileType = file.storyboard; name = Base; path = Base.lproj/LaunchScreen.storyboard; sourceTree = "<group>"; };
		99AC68212134E46100AB829E /* Info.plist */ = {isa = PBXFileReference; lastKnownFileType = text.plist.xml; path = Info.plist; sourceTree = "<group>"; };
		99AC68272134F30800AB829E /* DecimalNumberTool.swift */ = {isa = PBXFileReference; fileEncoding = 4; lastKnownFileType = sourcecode.swift; path = DecimalNumberTool.swift; sourceTree = "<group>"; };
		C548765CDDFA976AFDE644AB /* Pods_LiveAV.framework */ = {isa = PBXFileReference; explicitFileType = wrapper.framework; includeInIndex = 0; path = Pods_LiveAV.framework; sourceTree = BUILT_PRODUCTS_DIR; };
/* End PBXFileReference section */

/* Begin PBXFrameworksBuildPhase section */
		99AC680F2134E46000AB829E /* Frameworks */ = {
			isa = PBXFrameworksBuildPhase;
			buildActionMask = 2147483647;
			files = (
				58CC5ABA112AEDD5A56CA834 /* Pods_LiveAV.framework in Frameworks */,
			);
			runOnlyForDeploymentPostprocessing = 0;
		};
/* End PBXFrameworksBuildPhase section */

/* Begin PBXGroup section */
		3325EA15E56F3518ACC49A78 /* Frameworks */ = {
			isa = PBXGroup;
			children = (
				C548765CDDFA976AFDE644AB /* Pods_LiveAV.framework */,
			);
			name = Frameworks;
			sourceTree = "<group>";
		};
		4B815AA15B55DE6C2077AE1E /* Pods */ = {
			isa = PBXGroup;
			children = (
				1E68E6E5775231412F990ED9 /* Pods-LiveAV.debug.xcconfig */,
				0EB870584716179341DD0EC2 /* Pods-LiveAV.release.xcconfig */,
			);
			name = Pods;
			sourceTree = "<group>";
		};
		99AC68092134E46000AB829E = {
			isa = PBXGroup;
			children = (
				99AC68142134E46000AB829E /* LiveAV */,
				99AC68132134E46000AB829E /* Products */,
				4B815AA15B55DE6C2077AE1E /* Pods */,
				3325EA15E56F3518ACC49A78 /* Frameworks */,
			);
			sourceTree = "<group>";
		};
		99AC68132134E46000AB829E /* Products */ = {
			isa = PBXGroup;
			children = (
				99AC68122134E46000AB829E /* LiveAV.app */,
			);
			name = Products;
			sourceTree = "<group>";
		};
		99AC68142134E46000AB829E /* LiveAV */ = {
			isa = PBXGroup;
			children = (
				99AC68272134F30800AB829E /* DecimalNumberTool.swift */,
				99AC68152134E46000AB829E /* AppDelegate.swift */,
				99AC68172134E46000AB829E /* ViewController.swift */,
				99AC68192134E46000AB829E /* Main.storyboard */,
				99AC681C2134E46100AB829E /* Assets.xcassets */,
				99AC681E2134E46100AB829E /* LaunchScreen.storyboard */,
				99AC68212134E46100AB829E /* Info.plist */,
			);
			path = LiveAV;
			sourceTree = "<group>";
		};
/* End PBXGroup section */

/* Begin PBXNativeTarget section */
		99AC68112134E46000AB829E /* LiveAV */ = {
			isa = PBXNativeTarget;
			buildConfigurationList = 99AC68242134E46100AB829E /* Build configuration list for PBXNativeTarget "LiveAV" */;
			buildPhases = (
				0DA6ADC0A2EE38E3453EAA2F /* [CP] Check Pods Manifest.lock */,
				99AC680E2134E46000AB829E /* Sources */,
				99AC680F2134E46000AB829E /* Frameworks */,
				99AC68102134E46000AB829E /* Resources */,
			);
			buildRules = (
			);
			dependencies = (
			);
			name = LiveAV;
			productName = LiveAV;
			productReference = 99AC68122134E46000AB829E /* LiveAV.app */;
			productType = "com.apple.product-type.application";
		};
/* End PBXNativeTarget section */

/* Begin PBXProject section */
		99AC680A2134E46000AB829E /* Project object */ = {
			isa = PBXProject;
			attributes = {
				LastSwiftUpdateCheck = 0940;
				LastUpgradeCheck = 0940;
				ORGANIZATIONNAME = lisilong;
				TargetAttributes = {
					99AC68112134E46000AB829E = {
						CreatedOnToolsVersion = 9.4.1;
					};
				};
			};
			buildConfigurationList = 99AC680D2134E46000AB829E /* Build configuration list for PBXProject "LiveAV" */;
			compatibilityVersion = "Xcode 9.3";
			developmentRegion = en;
			hasScannedForEncodings = 0;
			knownRegions = (
				en,
				Base,
			);
			mainGroup = 99AC68092134E46000AB829E;
			productRefGroup = 99AC68132134E46000AB829E /* Products */;
			projectDirPath = "";
			projectRoot = "";
			targets = (
				99AC68112134E46000AB829E /* LiveAV */,
			);
		};
/* End PBXProject section */

/* Begin PBXResourcesBuildPhase section */
		99AC68102134E46000AB829E /* Resources */ = {
			isa = PBXResourcesBuildPhase;
			buildActionMask = 2147483647;
			files = (
				99AC68202134E46100AB829E /* LaunchScreen.storyboard in Resources */,
				99AC681D2134E46100AB829E /* Assets.xcassets in Resources */,
				99AC681B2134E46000AB829E /* Main.storyboard in Resources */,
			);
			runOnlyForDeploymentPostprocessing = 0;
		};
/* End PBXResourcesBuildPhase section */

/* Begin PBXShellScriptBuildPhase section */
		0DA6ADC0A2EE38E3453EAA2F /* [CP] Check Pods Manifest.lock */ = {
			isa = PBXShellScriptBuildPhase;
			buildActionMask = 2147483647;
			files = (
			);
			inputPaths = (
				"${PODS_PODFILE_DIR_PATH}/Podfile.lock",
				"${PODS_ROOT}/Manifest.lock",
			);
			name = "[CP] Check Pods Manifest.lock";
			outputPaths = (
				"$(DERIVED_FILE_DIR)/Pods-LiveAV-checkManifestLockResult.txt",
			);
			runOnlyForDeploymentPostprocessing = 0;
			shellPath = /bin/sh;
			shellScript = "diff \"${PODS_PODFILE_DIR_PATH}/Podfile.lock\" \"${PODS_ROOT}/Manifest.lock\" > /dev/null\nif [ $? != 0 ] ; then\n    # print error to STDERR\n    echo \"error: The sandbox is not in sync with the Podfile.lock. Run 'pod install' or update your CocoaPods installation.\" >&2\n    exit 1\nfi\n# This output is used by Xcode 'outputs' to avoid re-running this script phase.\necho \"SUCCESS\" > \"${SCRIPT_OUTPUT_FILE_0}\"\n";
			showEnvVarsInLog = 0;
		};
/* End PBXShellScriptBuildPhase section */

/* Begin PBXSourcesBuildPhase section */
		99AC680E2134E46000AB829E /* Sources */ = {
			isa = PBXSourcesBuildPhase;
			buildActionMask = 2147483647;
			files = (
				99AC68282134F30800AB829E /* DecimalNumberTool.swift in Sources */,
				99AC68182134E46000AB829E /* ViewController.swift in Sources */,
				99AC68162134E46000AB829E /* AppDelegate.swift in Sources */,
			);
			runOnlyForDeploymentPostprocessing = 0;
		};
/* End PBXSourcesBuildPhase section */

/* Begin PBXVariantGroup section */
		99AC68192134E46000AB829E /* Main.storyboard */ = {
			isa = PBXVariantGroup;
			children = (
				99AC681A2134E46000AB829E /* Base */,
			);
			name = Main.storyboard;
			sourceTree = "<group>";
		};
		99AC681E2134E46100AB829E /* LaunchScreen.storyboard */ = {
			isa = PBXVariantGroup;
			children = (
				99AC681F2134E46100AB829E /* Base */,
			);
			name = LaunchScreen.storyboard;
			sourceTree = "<group>";
		};
/* End PBXVariantGroup section */

/* Begin XCBuildConfiguration section */
		99AC68222134E46100AB829E /* Debug */ = {
			isa = XCBuildConfiguration;
			buildSettings = {
				ALWAYS_SEARCH_USER_PATHS = NO;
				CLANG_ANALYZER_NONNULL = YES;
				CLANG_ANALYZER_NUMBER_OBJECT_CONVERSION = YES_AGGRESSIVE;
				CLANG_CXX_LANGUAGE_STANDARD = "gnu++14";
				CLANG_CXX_LIBRARY = "libc++";
				CLANG_ENABLE_MODULES = YES;
				CLANG_ENABLE_OBJC_ARC = YES;
				CLANG_ENABLE_OBJC_WEAK = YES;
				CLANG_WARN_BLOCK_CAPTURE_AUTORELEASING = YES;
				CLANG_WARN_BOOL_CONVERSION = YES;
				CLANG_WARN_COMMA = YES;
				CLANG_WARN_CONSTANT_CONVERSION = YES;
				CLANG_WARN_DEPRECATED_OBJC_IMPLEMENTATIONS = YES;
				CLANG_WARN_DIRECT_OBJC_ISA_USAGE = YES_ERROR;
				CLANG_WARN_DOCUMENTATION_COMMENTS = YES;
				CLANG_WARN_EMPTY_BODY = YES;
				CLANG_WARN_ENUM_CONVERSION = YES;
				CLANG_WARN_INFINITE_RECURSION = YES;
				CLANG_WARN_INT_CONVERSION = YES;
				CLANG_WARN_NON_LITERAL_NULL_CONVERSION = YES;
				CLANG_WARN_OBJC_IMPLICIT_RETAIN_SELF = YES;
				CLANG_WARN_OBJC_LITERAL_CONVERSION = YES;
				CLANG_WARN_OBJC_ROOT_CLASS = YES_ERROR;
				CLANG_WARN_RANGE_LOOP_ANALYSIS = YES;
				CLANG_WARN_STRICT_PROTOTYPES = YES;
				CLANG_WARN_SUSPICIOUS_MOVE = YES;
				CLANG_WARN_UNGUARDED_AVAILABILITY = YES_AGGRESSIVE;
				CLANG_WARN_UNREACHABLE_CODE = YES;
				CLANG_WARN__DUPLICATE_METHOD_MATCH = YES;
				CODE_SIGN_IDENTITY = "iPhone Developer";
				COPY_PHASE_STRIP = NO;
				DEBUG_INFORMATION_FORMAT = dwarf;
				ENABLE_STRICT_OBJC_MSGSEND = YES;
				ENABLE_TESTABILITY = YES;
				GCC_C_LANGUAGE_STANDARD = gnu11;
				GCC_DYNAMIC_NO_PIC = NO;
				GCC_NO_COMMON_BLOCKS = YES;
				GCC_OPTIMIZATION_LEVEL = 0;
				GCC_PREPROCESSOR_DEFINITIONS = (
					"DEBUG=1",
					"$(inherited)",
				);
				GCC_WARN_64_TO_32_BIT_CONVERSION = YES;
				GCC_WARN_ABOUT_RETURN_TYPE = YES_ERROR;
				GCC_WARN_UNDECLARED_SELECTOR = YES;
				GCC_WARN_UNINITIALIZED_AUTOS = YES_AGGRESSIVE;
				GCC_WARN_UNUSED_FUNCTION = YES;
				GCC_WARN_UNUSED_VARIABLE = YES;
				IPHONEOS_DEPLOYMENT_TARGET = 11.4;
				MTL_ENABLE_DEBUG_INFO = YES;
				ONLY_ACTIVE_ARCH = YES;
				SDKROOT = iphoneos;
				SWIFT_ACTIVE_COMPILATION_CONDITIONS = DEBUG;
				SWIFT_OPTIMIZATION_LEVEL = "-Onone";
			};
			name = Debug;
		};
		99AC68232134E46100AB829E /* Release */ = {
			isa = XCBuildConfiguration;
			buildSettings = {
				ALWAYS_SEARCH_USER_PATHS = NO;
				CLANG_ANALYZER_NONNULL = YES;
				CLANG_ANALYZER_NUMBER_OBJECT_CONVERSION = YES_AGGRESSIVE;
				CLANG_CXX_LANGUAGE_STANDARD = "gnu++14";
				CLANG_CXX_LIBRARY = "libc++";
				CLANG_ENABLE_MODULES = YES;
				CLANG_ENABLE_OBJC_ARC = YES;
				CLANG_ENABLE_OBJC_WEAK = YES;
				CLANG_WARN_BLOCK_CAPTURE_AUTORELEASING = YES;
				CLANG_WARN_BOOL_CONVERSION = YES;
				CLANG_WARN_COMMA = YES;
				CLANG_WARN_CONSTANT_CONVERSION = YES;
				CLANG_WARN_DEPRECATED_OBJC_IMPLEMENTATIONS = YES;
				CLANG_WARN_DIRECT_OBJC_ISA_USAGE = YES_ERROR;
				CLANG_WARN_DOCUMENTATION_COMMENTS = YES;
				CLANG_WARN_EMPTY_BODY = YES;
				CLANG_WARN_ENUM_CONVERSION = YES;
				CLANG_WARN_INFINITE_RECURSION = YES;
				CLANG_WARN_INT_CONVERSION = YES;
				CLANG_WARN_NON_LITERAL_NULL_CONVERSION = YES;
				CLANG_WARN_OBJC_IMPLICIT_RETAIN_SELF = YES;
				CLANG_WARN_OBJC_LITERAL_CONVERSION = YES;
				CLANG_WARN_OBJC_ROOT_CLASS = YES_ERROR;
				CLANG_WARN_RANGE_LOOP_ANALYSIS = YES;
				CLANG_WARN_STRICT_PROTOTYPES = YES;
				CLANG_WARN_SUSPICIOUS_MOVE = YES;
				CLANG_WARN_UNGUARDED_AVAILABILITY = YES_AGGRESSIVE;
				CLANG_WARN_UNREACHABLE_CODE = YES;
				CLANG_WARN__DUPLICATE_METHOD_MATCH = YES;
				CODE_SIGN_IDENTITY = "iPhone Developer";
				COPY_PHASE_STRIP = NO;
				DEBUG_INFORMATION_FORMAT = "dwarf-with-dsym";
				ENABLE_NS_ASSERTIONS = NO;
				ENABLE_STRICT_OBJC_MSGSEND = YES;
				GCC_C_LANGUAGE_STANDARD = gnu11;
				GCC_NO_COMMON_BLOCKS = YES;
				GCC_WARN_64_TO_32_BIT_CONVERSION = YES;
				GCC_WARN_ABOUT_RETURN_TYPE = YES_ERROR;
				GCC_WARN_UNDECLARED_SELECTOR = YES;
				GCC_WARN_UNINITIALIZED_AUTOS = YES_AGGRESSIVE;
				GCC_WARN_UNUSED_FUNCTION = YES;
				GCC_WARN_UNUSED_VARIABLE = YES;
				IPHONEOS_DEPLOYMENT_TARGET = 11.4;
				MTL_ENABLE_DEBUG_INFO = NO;
				SDKROOT = iphoneos;
				SWIFT_COMPILATION_MODE = wholemodule;
				SWIFT_OPTIMIZATION_LEVEL = "-O";
				VALIDATE_PRODUCT = YES;
			};
			name = Release;
		};
		99AC68252134E46100AB829E /* Debug */ = {
			isa = XCBuildConfiguration;
			baseConfigurationReference = 1E68E6E5775231412F990ED9 /* Pods-LiveAV.debug.xcconfig */;
			buildSettings = {
				ASSETCATALOG_COMPILER_APPICON_NAME = AppIcon;
				CODE_SIGN_STYLE = Automatic;
				DEVELOPMENT_TEAM = 8Y32T66G3J;
				INFOPLIST_FILE = LiveAV/Info.plist;
				IPHONEOS_DEPLOYMENT_TARGET = 8.0;
				LD_RUNPATH_SEARCH_PATHS = (
					"$(inherited)",
					"@executable_path/Frameworks",
				);
				PRODUCT_BUNDLE_IDENTIFIER = com.dream.LiveAV;
				PRODUCT_NAME = "$(TARGET_NAME)";
				SWIFT_VERSION = 4.0;
				TARGETED_DEVICE_FAMILY = "1,2";
			};
			name = Debug;
		};
		99AC68262134E46100AB829E /* Release */ = {
			isa = XCBuildConfiguration;
			baseConfigurationReference = 0EB870584716179341DD0EC2 /* Pods-LiveAV.release.xcconfig */;
			buildSettings = {
				ASSETCATALOG_COMPILER_APPICON_NAME = AppIcon;
				CODE_SIGN_STYLE = Automatic;
				DEVELOPMENT_TEAM = 8Y32T66G3J;
				INFOPLIST_FILE = LiveAV/Info.plist;
				IPHONEOS_DEPLOYMENT_TARGET = 8.0;
				LD_RUNPATH_SEARCH_PATHS = (
					"$(inherited)",
					"@executable_path/Frameworks",
				);
				PRODUCT_BUNDLE_IDENTIFIER = com.dream.LiveAV;
				PRODUCT_NAME = "$(TARGET_NAME)";
				SWIFT_VERSION = 4.0;
				TARGETED_DEVICE_FAMILY = "1,2";
			};
			name = Release;
		};
/* End XCBuildConfiguration section */

/* Begin XCConfigurationList section */
		99AC680D2134E46000AB829E /* Build configuration list for PBXProject "LiveAV" */ = {
			isa = XCConfigurationList;
			buildConfigurations = (
				99AC68222134E46100AB829E /* Debug */,
				99AC68232134E46100AB829E /* Release */,
			);
			defaultConfigurationIsVisible = 0;
			defaultConfigurationName = Release;
		};
		99AC68242134E46100AB829E /* Build configuration list for PBXNativeTarget "LiveAV" */ = {
			isa = XCConfigurationList;
			buildConfigurations = (
				99AC68252134E46100AB829E /* Debug */,
				99AC68262134E46100AB829E /* Release */,
			);
			defaultConfigurationIsVisible = 0;
			defaultConfigurationName = Release;
		};
/* End XCConfigurationList section */
	};
	rootObject = 99AC680A2134E46000AB829E /* Project object */;
}
